// !$*UTF8*$!
{
	archiveVersion = 1;
	classes = {
	};
	objectVersion = 46;
	objects = {

/* Begin PBXBuildFile section */
		9B3CCA5E1EF02EF500396211 /* AppDelegate.swift in Sources */ = {isa = PBXBuildFile; fileRef = 9B3CCA5D1EF02EF500396211 /* AppDelegate.swift */; };
		9B3CCA601EF02EF500396211 /* ViewController.swift in Sources */ = {isa = PBXBuildFile; fileRef = 9B3CCA5F1EF02EF500396211 /* ViewController.swift */; };
		9B3CCA631EF02EF500396211 /* Main.storyboard in Resources */ = {isa = PBXBuildFile; fileRef = 9B3CCA611EF02EF500396211 /* Main.storyboard */; };
		9B3CCA651EF02EF500396211 /* Assets.xcassets in Resources */ = {isa = PBXBuildFile; fileRef = 9B3CCA641EF02EF500396211 /* Assets.xcassets */; };
		9B3CCA681EF02EF500396211 /* LaunchScreen.storyboard in Resources */ = {isa = PBXBuildFile; fileRef = 9B3CCA661EF02EF500396211 /* LaunchScreen.storyboard */; };
		9B3CCA731EF02EF500396211 /* SlideTransitionsUITests.swift in Sources */ = {isa = PBXBuildFile; fileRef = 9B3CCA721EF02EF500396211 /* SlideTransitionsUITests.swift */; };
/* End PBXBuildFile section */

/* Begin PBXContainerItemProxy section */
		9B3CCA6F1EF02EF500396211 /* PBXContainerItemProxy */ = {
			isa = PBXContainerItemProxy;
			containerPortal = 9B3CCA521EF02EF500396211 /* Project object */;
			proxyType = 1;
			remoteGlobalIDString = 9B3CCA591EF02EF500396211;
			remoteInfo = SlideTransitions;
		};
/* End PBXContainerItemProxy section */

/* Begin PBXFileReference section */
		9B3CCA5A1EF02EF500396211 /* SlideTransitions.app */ = {isa = PBXFileReference; explicitFileType = wrapper.application; includeInIndex = 0; path = SlideTransitions.app; sourceTree = BUILT_PRODUCTS_DIR; };
		9B3CCA5D1EF02EF500396211 /* AppDelegate.swift */ = {isa = PBXFileReference; lastKnownFileType = sourcecode.swift; path = AppDelegate.swift; sourceTree = "<group>"; };
		9B3CCA5F1EF02EF500396211 /* ViewController.swift */ = {isa = PBXFileReference; lastKnownFileType = sourcecode.swift; path = ViewController.swift; sourceTree = "<group>"; };
		9B3CCA621EF02EF500396211 /* Base */ = {isa = PBXFileReference; lastKnownFileType = file.storyboard; name = Base; path = Base.lproj/Main.storyboard; sourceTree = "<group>"; };
		9B3CCA641EF02EF500396211 /* Assets.xcassets */ = {isa = PBXFileReference; lastKnownFileType = folder.assetcatalog; path = Assets.xcassets; sourceTree = "<group>"; };
		9B3CCA671EF02EF500396211 /* Base */ = {isa = PBXFileReference; lastKnownFileType = file.storyboard; name = Base; path = Base.lproj/LaunchScreen.storyboard; sourceTree = "<group>"; };
		9B3CCA691EF02EF500396211 /* Info.plist */ = {isa = PBXFileReference; lastKnownFileType = text.plist.xml; path = Info.plist; sourceTree = "<group>"; };
		9B3CCA6E1EF02EF500396211 /* SlideTransitionsUITests.xctest */ = {isa = PBXFileReference; explicitFileType = wrapper.cfbundle; includeInIndex = 0; path = SlideTransitionsUITests.xctest; sourceTree = BUILT_PRODUCTS_DIR; };
		9B3CCA721EF02EF500396211 /* SlideTransitionsUITests.swift */ = {isa = PBXFileReference; lastKnownFileType = sourcecode.swift; path = SlideTransitionsUITests.swift; sourceTree = "<group>"; };
		9B3CCA741EF02EF500396211 /* Info.plist */ = {isa = PBXFileReference; lastKnownFileType = text.plist.xml; path = Info.plist; sourceTree = "<group>"; };
/* End PBXFileReference section */

/* Begin PBXFrameworksBuildPhase section */
		9B3CCA571EF02EF500396211 /* Frameworks */ = {
			isa = PBXFrameworksBuildPhase;
			buildActionMask = 2147483647;
			files = (
			);
			runOnlyForDeploymentPostprocessing = 0;
		};
		9B3CCA6B1EF02EF500396211 /* Frameworks */ = {
			isa = PBXFrameworksBuildPhase;
			buildActionMask = 2147483647;
			files = (
			);
			runOnlyForDeploymentPostprocessing = 0;
		};
/* End PBXFrameworksBuildPhase section */

/* Begin PBXGroup section */
		9B3CCA511EF02EF500396211 = {
			isa = PBXGroup;
			children = (
				9B3CCA5C1EF02EF500396211 /* SlideTransitions */,
				9B3CCA711EF02EF500396211 /* SlideTransitionsUITests */,
				9B3CCA5B1EF02EF500396211 /* Products */,
			);
			sourceTree = "<group>";
		};
		9B3CCA5B1EF02EF500396211 /* Products */ = {
			isa = PBXGroup;
			children = (
				9B3CCA5A1EF02EF500396211 /* SlideTransitions.app */,
				9B3CCA6E1EF02EF500396211 /* SlideTransitionsUITests.xctest */,
			);
			name = Products;
			sourceTree = "<group>";
		};
		9B3CCA5C1EF02EF500396211 /* SlideTransitions */ = {
			isa = PBXGroup;
			children = (
				9B3CCA5D1EF02EF500396211 /* AppDelegate.swift */,
				9B3CCA5F1EF02EF500396211 /* ViewController.swift */,
				9B3CCA611EF02EF500396211 /* Main.storyboard */,
				9B3CCA641EF02EF500396211 /* Assets.xcassets */,
				9B3CCA661EF02EF500396211 /* LaunchScreen.storyboard */,
				9B3CCA691EF02EF500396211 /* Info.plist */,
			);
			path = SlideTransitions;
			sourceTree = "<group>";
		};
		9B3CCA711EF02EF500396211 /* SlideTransitionsUITests */ = {
			isa = PBXGroup;
			children = (
				9B3CCA721EF02EF500396211 /* SlideTransitionsUITests.swift */,
				9B3CCA741EF02EF500396211 /* Info.plist */,
			);
			path = SlideTransitionsUITests;
			sourceTree = "<group>";
		};
/* End PBXGroup section */

/* Begin PBXNativeTarget section */
		9B3CCA591EF02EF500396211 /* SlideTransitions */ = {
			isa = PBXNativeTarget;
			buildConfigurationList = 9B3CCA771EF02EF500396211 /* Build configuration list for PBXNativeTarget "SlideTransitions" */;
			buildPhases = (
				9B3CCA561EF02EF500396211 /* Sources */,
				9B3CCA571EF02EF500396211 /* Frameworks */,
				9B3CCA581EF02EF500396211 /* Resources */,
			);
			buildRules = (
			);
			dependencies = (
			);
			name = SlideTransitions;
			productName = SlideTransitions;
			productReference = 9B3CCA5A1EF02EF500396211 /* SlideTransitions.app */;
			productType = "com.apple.product-type.application";
		};
		9B3CCA6D1EF02EF500396211 /* SlideTransitionsUITests */ = {
			isa = PBXNativeTarget;
			buildConfigurationList = 9B3CCA7A1EF02EF500396211 /* Build configuration list for PBXNativeTarget "SlideTransitionsUITests" */;
			buildPhases = (
				9B3CCA6A1EF02EF500396211 /* Sources */,
				9B3CCA6B1EF02EF500396211 /* Frameworks */,
				9B3CCA6C1EF02EF500396211 /* Resources */,
			);
			buildRules = (
			);
			dependencies = (
				9B3CCA701EF02EF500396211 /* PBXTargetDependency */,
			);
			name = SlideTransitionsUITests;
			productName = SlideTransitionsUITests;
			productReference = 9B3CCA6E1EF02EF500396211 /* SlideTransitionsUITests.xctest */;
			productType = "com.apple.product-type.bundle.ui-testing";
		};
/* End PBXNativeTarget section */

/* Begin PBXProject section */
		9B3CCA521EF02EF500396211 /* Project object */ = {
			isa = PBXProject;
			attributes = {
				LastSwiftUpdateCheck = 0830;
				LastUpgradeCheck = 0830;
				ORGANIZATIONNAME = German;
				TargetAttributes = {
					9B3CCA591EF02EF500396211 = {
						CreatedOnToolsVersion = 8.3.3;
						DevelopmentTeam = PGX7W4A2GC;
						ProvisioningStyle = Automatic;
					};
					9B3CCA6D1EF02EF500396211 = {
						CreatedOnToolsVersion = 8.3.3;
						DevelopmentTeam = PGX7W4A2GC;
						ProvisioningStyle = Automatic;
						TestTargetID = 9B3CCA591EF02EF500396211;
					};
				};
			};
			buildConfigurationList = 9B3CCA551EF02EF500396211 /* Build configuration list for PBXProject "SlideTransitions" */;
			compatibilityVersion = "Xcode 3.2";
			developmentRegion = English;
			hasScannedForEncodings = 0;
			knownRegions = (
				en,
				Base,
			);
			mainGroup = 9B3CCA511EF02EF500396211;
			productRefGroup = 9B3CCA5B1EF02EF500396211 /* Products */;
			projectDirPath = "";
			projectRoot = "";
			targets = (
				9B3CCA591EF02EF500396211 /* SlideTransitions */,
				9B3CCA6D1EF02EF500396211 /* SlideTransitionsUITests */,
			);
		};
/* End PBXProject section */

/* Begin PBXResourcesBuildPhase section */
		9B3CCA581EF02EF500396211 /* Resources */ = {
			isa = PBXResourcesBuildPhase;
			buildActionMask = 2147483647;
			files = (
				9B3CCA681EF02EF500396211 /* LaunchScreen.storyboard in Resources */,
				9B3CCA651EF02EF500396211 /* Assets.xcassets in Resources */,
				9B3CCA631EF02EF500396211 /* Main.storyboard in Resources */,
			);
			runOnlyForDeploymentPostprocessing = 0;
		};
		9B3CCA6C1EF02EF500396211 /* Resources */ = {
			isa = PBXResourcesBuildPhase;
			buildActionMask = 2147483647;
			files = (
			);
			runOnlyForDeploymentPostprocessing = 0;
		};
/* End PBXResourcesBuildPhase section */

/* Begin PBXSourcesBuildPhase section */
		9B3CCA561EF02EF500396211 /* Sources */ = {
			isa = PBXSourcesBuildPhase;
			buildActionMask = 2147483647;
			files = (
				9B3CCA601EF02EF500396211 /* ViewController.swift in Sources */,
				9B3CCA5E1EF02EF500396211 /* AppDelegate.swift in Sources */,
			);
			runOnlyForDeploymentPostprocessing = 0;
		};
		9B3CCA6A1EF02EF500396211 /* Sources */ = {
			isa = PBXSourcesBuildPhase;
			buildActionMask = 2147483647;
			files = (
				9B3CCA731EF02EF500396211 /* SlideTransitionsUITests.swift in Sources */,
			);
			runOnlyForDeploymentPostprocessing = 0;
		};
/* End PBXSourcesBuildPhase section */

/* Begin PBXTargetDependency section */
		9B3CCA701EF02EF500396211 /* PBXTargetDependency */ = {
			isa = PBXTargetDependency;
			target = 9B3CCA591EF02EF500396211 /* SlideTransitions */;
			targetProxy = 9B3CCA6F1EF02EF500396211 /* PBXContainerItemProxy */;
		};
/* End PBXTargetDependency section */

/* Begin PBXVariantGroup section */
		9B3CCA611EF02EF500396211 /* Main.storyboard */ = {
			isa = PBXVariantGroup;
			children = (
				9B3CCA621EF02EF500396211 /* Base */,
			);
			name = Main.storyboard;
			sourceTree = "<group>";
		};
		9B3CCA661EF02EF500396211 /* LaunchScreen.storyboard */ = {
			isa = PBXVariantGroup;
			children = (
				9B3CCA671EF02EF500396211 /* Base */,
			);
			name = LaunchScreen.storyboard;
			sourceTree = "<group>";
		};
/* End PBXVariantGroup section */

/* Begin XCBuildConfiguration section */
		9B3CCA751EF02EF500396211 /* Debug */ = {
			isa = XCBuildConfiguration;
			buildSettings = {
				ALWAYS_SEARCH_USER_PATHS = NO;
				CLANG_ANALYZER_NONNULL = YES;
				CLANG_ANALYZER_NUMBER_OBJECT_CONVERSION = YES_AGGRESSIVE;
				CLANG_CXX_LANGUAGE_STANDARD = "gnu++0x";
				CLANG_CXX_LIBRARY = "libc++";
				CLANG_ENABLE_MODULES = YES;
				CLANG_ENABLE_OBJC_ARC = YES;
				CLANG_WARN_BOOL_CONVERSION = YES;
				CLANG_WARN_CONSTANT_CONVERSION = YES;
				CLANG_WARN_DIRECT_OBJC_ISA_USAGE = YES_ERROR;
				CLANG_WARN_DOCUMENTATION_COMMENTS = YES;
				CLANG_WARN_EMPTY_BODY = YES;
				CLANG_WARN_ENUM_CONVERSION = YES;
				CLANG_WARN_INFINITE_RECURSION = YES;
				CLANG_WARN_INT_CONVERSION = YES;
				CLANG_WARN_OBJC_ROOT_CLASS = YES_ERROR;
				CLANG_WARN_SUSPICIOUS_MOVE = YES;
				CLANG_WARN_UNREACHABLE_CODE = YES;
				CLANG_WARN__DUPLICATE_METHOD_MATCH = YES;
				"CODE_SIGN_IDENTITY[sdk=iphoneos*]" = "iPhone Developer";
				COPY_PHASE_STRIP = NO;
				DEBUG_INFORMATION_FORMAT = dwarf;
				ENABLE_STRICT_OBJC_MSGSEND = YES;
				ENABLE_TESTABILITY = YES;
				GCC_C_LANGUAGE_STANDARD = gnu99;
				GCC_DYNAMIC_NO_PIC = NO;
				GCC_NO_COMMON_BLOCKS = YES;
				GCC_OPTIMIZATION_LEVEL = 0;
				GCC_PREPROCESSOR_DEFINITIONS = (
					"DEBUG=1",
					"$(inherited)",
				);
				GCC_WARN_64_TO_32_BIT_CONVERSION = YES;
				GCC_WARN_ABOUT_RETURN_TYPE = YES_ERROR;
				GCC_WARN_UNDECLARED_SELECTOR = YES;
				GCC_WARN_UNINITIALIZED_AUTOS = YES_AGGRESSIVE;
				GCC_WARN_UNUSED_FUNCTION = YES;
				GCC_WARN_UNUSED_VARIABLE = YES;
				IPHONEOS_DEPLOYMENT_TARGET = 10.3;
				MTL_ENABLE_DEBUG_INFO = YES;
				ONLY_ACTIVE_ARCH = YES;
				SDKROOT = iphoneos;
				SWIFT_ACTIVE_COMPILATION_CONDITIONS = DEBUG;
				SWIFT_OPTIMIZATION_LEVEL = "-Onone";
				TARGETED_DEVICE_FAMILY = "1,2";
			};
			name = Debug;
		};
		9B3CCA761EF02EF500396211 /* Release */ = {
			isa = XCBuildConfiguration;
			buildSettings = {
				ALWAYS_SEARCH_USER_PATHS = NO;
				CLANG_ANALYZER_NONNULL = YES;
				CLANG_ANALYZER_NUMBER_OBJECT_CONVERSION = YES_AGGRESSIVE;
				CLANG_CXX_LANGUAGE_STANDARD = "gnu++0x";
				CLANG_CXX_LIBRARY = "libc++";
				CLANG_ENABLE_MODULES = YES;
				CLANG_ENABLE_OBJC_ARC = YES;
				CLANG_WARN_BOOL_CONVERSION = YES;
				CLANG_WARN_CONSTANT_CONVERSION = YES;
				CLANG_WARN_DIRECT_OBJC_ISA_USAGE = YES_ERROR;
				CLANG_WARN_DOCUMENTATION_COMMENTS = YES;
				CLANG_WARN_EMPTY_BODY = YES;
				CLANG_WARN_ENUM_CONVERSION = YES;
				CLANG_WARN_INFINITE_RECURSION = YES;
				CLANG_WARN_INT_CONVERSION = YES;
				CLANG_WARN_OBJC_ROOT_CLASS = YES_ERROR;
				CLANG_WARN_SUSPICIOUS_MOVE = YES;
				CLANG_WARN_UNREACHABLE_CODE = YES;
				CLANG_WARN__DUPLICATE_METHOD_MATCH = YES;
				"CODE_SIGN_IDENTITY[sdk=iphoneos*]" = "iPhone Developer";
				COPY_PHASE_STRIP = NO;
				DEBUG_INFORMATION_FORMAT = "dwarf-with-dsym";
				ENABLE_NS_ASSERTIONS = NO;
				ENABLE_STRICT_OBJC_MSGSEND = YES;
				GCC_C_LANGUAGE_STANDARD = gnu99;
				GCC_NO_COMMON_BLOCKS = YES;
				GCC_WARN_64_TO_32_BIT_CONVERSION = YES;
				GCC_WARN_ABOUT_RETURN_TYPE = YES_ERROR;
				GCC_WARN_UNDECLARED_SELECTOR = YES;
				GCC_WARN_UNINITIALIZED_AUTOS = YES_AGGRESSIVE;
				GCC_WARN_UNUSED_FUNCTION = YES;
				GCC_WARN_UNUSED_VARIABLE = YES;
				IPHONEOS_DEPLOYMENT_TARGET = 10.3;
				MTL_ENABLE_DEBUG_INFO = NO;
				SDKROOT = iphoneos;
				SWIFT_OPTIMIZATION_LEVEL = "-Owholemodule";
				TARGETED_DEVICE_FAMILY = "1,2";
				VALIDATE_PRODUCT = YES;
			};
			name = Release;
		};
		9B3CCA781EF02EF500396211 /* Debug */ = {
			isa = XCBuildConfiguration;
			buildSettings = {
				ASSETCATALOG_COMPILER_APPICON_NAME = AppIcon;
				DEVELOPMENT_TEAM = PGX7W4A2GC;
				INFOPLIST_FILE = SlideTransitions/Info.plist;
				LD_RUNPATH_SEARCH_PATHS = "$(inherited) @executable_path/Frameworks";
				PRODUCT_BUNDLE_IDENTIFIER = com.gf4ctory.SlideTransitions;
				PRODUCT_NAME = "$(TARGET_NAME)";
				SWIFT_VERSION = 3.0;
			};
			name = Debug;
		};
		9B3CCA791EF02EF500396211 /* Release */ = {
			isa = XCBuildConfiguration;
			buildSettings = {
				ASSETCATALOG_COMPILER_APPICON_NAME = AppIcon;
				DEVELOPMENT_TEAM = PGX7W4A2GC;
				INFOPLIST_FILE = SlideTransitions/Info.plist;
				LD_RUNPATH_SEARCH_PATHS = "$(inherited) @executable_path/Frameworks";
				PRODUCT_BUNDLE_IDENTIFIER = com.gf4ctory.SlideTransitions;
				PRODUCT_NAME = "$(TARGET_NAME)";
				SWIFT_VERSION = 3.0;
			};
			name = Release;
		};
		9B3CCA7B1EF02EF500396211 /* Debug */ = {
			isa = XCBuildConfiguration;
			buildSettings = {
				ALWAYS_EMBED_SWIFT_STANDARD_LIBRARIES = YES;
				DEVELOPMENT_TEAM = PGX7W4A2GC;
				INFOPLIST_FILE = SlideTransitionsUITests/Info.plist;
				LD_RUNPATH_SEARCH_PATHS = "$(inherited) @executable_path/Frameworks @loader_path/Frameworks";
				PRODUCT_BUNDLE_IDENTIFIER = com.gf4ctory..SlideTransitionsUITests;
				PRODUCT_NAME = "$(TARGET_NAME)";
				SWIFT_VERSION = 3.0;
				TEST_TARGET_NAME = SlideTransitions;
			};
			name = Debug;
		};
		9B3CCA7C1EF02EF500396211 /* Release */ = {
			isa = XCBuildConfiguration;
			buildSettings = {
				ALWAYS_EMBED_SWIFT_STANDARD_LIBRARIES = YES;
				DEVELOPMENT_TEAM = PGX7W4A2GC;
				INFOPLIST_FILE = SlideTransitionsUITests/Info.plist;
				LD_RUNPATH_SEARCH_PATHS = "$(inherited) @executable_path/Frameworks @loader_path/Frameworks";
				PRODUCT_BUNDLE_IDENTIFIER = com.gf4ctory..SlideTransitionsUITests;
				PRODUCT_NAME = "$(TARGET_NAME)";
				SWIFT_VERSION = 3.0;
				TEST_TARGET_NAME = SlideTransitions;
			};
			name = Release;
		};
/* End XCBuildConfiguration section */

/* Begin XCConfigurationList section */
		9B3CCA551EF02EF500396211 /* Build configuration list for PBXProject "SlideTransitions" */ = {
			isa = XCConfigurationList;
			buildConfigurations = (
				9B3CCA751EF02EF500396211 /* Debug */,
				9B3CCA761EF02EF500396211 /* Release */,
			);
			defaultConfigurationIsVisible = 0;
			defaultConfigurationName = Release;
		};
		9B3CCA771EF02EF500396211 /* Build configuration list for PBXNativeTarget "SlideTransitions" */ = {
			isa = XCConfigurationList;
			buildConfigurations = (
				9B3CCA781EF02EF500396211 /* Debug */,
				9B3CCA791EF02EF500396211 /* Release */,
			);
			defaultConfigurationIsVisible = 0;
		};
		9B3CCA7A1EF02EF500396211 /* Build configuration list for PBXNativeTarget "SlideTransitionsUITests" */ = {
			isa = XCConfigurationList;
			buildConfigurations = (
				9B3CCA7B1EF02EF500396211 /* Debug */,
				9B3CCA7C1EF02EF500396211 /* Release */,
			);
			defaultConfigurationIsVisible = 0;
		};
/* End XCConfigurationList section */
	};
	rootObject = 9B3CCA521EF02EF500396211 /* Project object */;
}
